
Microsoft Visual Studio Solution File, Format Version 12.00
# Visual Studio Version 17
VisualStudioVersion = 17.10.35027.167
MinimumVisualStudioVersion = 10.0.40219.1
Project("{FAE04EC0-301F-11D3-BF4B-00C04F79EFBC}") = "DemoTest", "DemoTest\DemoTest.csproj", "{DA9FDB69-C7BD-45E4-AD14-E8ADEA4958FA}"
EndProject
Global
	GlobalSection(SolutionConfigurationPlatforms) = preSolution
		Debug|Any CPU = Debug|Any CPU
		Release|Any CPU = Release|Any CPU
	EndGlobalSection
	GlobalSection(ProjectConfigurationPlatforms) = postSolution
		{DA9FDB69-C7BD-45E4-AD14-E8ADEA4958FA}.Debug|Any CPU.ActiveCfg = Debug|Any CPU
		{DA9FDB69-C7BD-45E4-AD14-E8ADEA4958FA}.Debug|Any CPU.Build.0 = Debug|Any CPU
		{DA9FDB69-C7BD-45E4-AD14-E8ADEA4958FA}.Release|Any CPU.ActiveCfg = Release|Any CPU
		{DA9FDB69-C7BD-45E4-AD14-E8ADEA4958FA}.Release|Any CPU.Build.0 = Release|Any CPU
	EndGlobalSection
	GlobalSection(SolutionProperties) = preSolution
		HideSolutionNode = FALSE
	EndGlobalSection
	GlobalSection(ExtensibilityGlobals) = postSolution
		SolutionGuid = {BDE86AA7-BEF4-4239-9C0D-C9DCCD245F35}
	EndGlobalSection
EndGlobal
